<Solution>
  <Folder Name="/Solution items/">
    <File Path=".gitignore" />
    <File Path="CLAUDE.md" />
    <File Path="LICENSE" />
  </Folder>
  <Project Path="src/Whirtle.Client.UI/Whirtle.Client.UI.csproj">
    <Platform Solution="Debug|*" Project="x64" />
  </Project>
  <Project Path="src/Whirtle.Client/Whirtle.Client.csproj" />
  <Project Path="tests/Whirtle.Client.Tests/Whirtle.Client.Tests.csproj" />
  <Project Path="tests/Whirtle.Client.IntegrationTests/Whirtle.Client.IntegrationTests.csproj" />
</Solution>
